lockfileVersion: '9.0'

settings:
  autoInstallPeers: true
  excludeLinksFromLockfile: false

importers:

  .:
    dependencies:
      '@lancedb/lancedb':
        specifier: ^0.18.0
        version: 0.18.2(apache-arrow@18.1.0)
      commander:
        specifier: ^12.0.0
        version: 12.1.0
      tree-sitter:
        specifier: ^0.21.0
        version: 0.21.1
      tree-sitter-c:
        specifier: ^0.23.0
        version: 0.23.6(tree-sitter@0.21.1)
      tree-sitter-cpp:
        specifier: ^0.23.0
        version: 0.23.4(tree-sitter@0.21.1)
      tree-sitter-go:
        specifier: ^0.23.0
        version: 0.23.4(tree-sitter@0.21.1)
      tree-sitter-java:
        specifier: ^0.23.0
        version: 0.23.5(tree-sitter@0.21.1)
      tree-sitter-javascript:
        specifier: ^0.23.0
        version: 0.23.1(tree-sitter@0.21.1)
      tree-sitter-python:
        specifier: ^0.23.0
        version: 0.23.6(tree-sitter@0.21.1)
      tree-sitter-rust:
        specifier: ^0.23.0
        version: 0.23.3(tree-sitter@0.21.1)
      tree-sitter-typescript:
        specifier: ^0.23.0
        version: 0.23.2(tree-sitter@0.21.1)
    devDependencies:
      '@types/node':
        specifier: ^22.0.0
        version: 22.19.17
      esbuild:
        specifier: ^0.24.0
        version: 0.24.2
      typescript:
        specifier: ^5.7.0
        version: 5.9.3

packages:

  '@esbuild/aix-ppc64@0.24.2':
    resolution: {integrity: sha512-thpVCb/rhxE/BnMLQ7GReQLLN8q9qbHmI55F4489/ByVg2aQaQ6kbcLb6FHkocZzQhxc4gx0sCk0tJkKBFzDhA==}
    engines: {node: '>=18'}
    cpu: [ppc64]
    os: [aix]

  '@esbuild/android-arm64@0.24.2':
    resolution: {integrity: sha512-cNLgeqCqV8WxfcTIOeL4OAtSmL8JjcN6m09XIgro1Wi7cF4t/THaWEa7eL5CMoMBdjoHOTh/vwTO/o2TRXIyzg==}
    engines: {node: '>=18'}
    cpu: [arm64]
    os: [android]

  '@esbuild/android-arm@0.24.2':
    resolution: {integrity: sha512-tmwl4hJkCfNHwFB3nBa8z1Uy3ypZpxqxfTQOcHX+xRByyYgunVbZ9MzUUfb0RxaHIMnbHagwAxuTL+tnNM+1/Q==}
    engines: {node: '>=18'}
    cpu: [arm]
    os: [android]

  '@esbuild/android-x64@0.24.2':
    resolution: {integrity: sha512-B6Q0YQDqMx9D7rvIcsXfmJfvUYLoP722bgfBlO5cGvNVb5V/+Y7nhBE3mHV9OpxBf4eAS2S68KZztiPaWq4XYw==}
    engines: {node: '>=18'}
    cpu: [x64]
    os: [android]

  '@esbuild/darwin-arm64@0.24.2':
    resolution: {integrity: sha512-kj3AnYWc+CekmZnS5IPu9D+HWtUI49hbnyqk0FLEJDbzCIQt7hg7ucF1SQAilhtYpIujfaHr6O0UHlzzSPdOeA==}
    engines: {node: '>=18'}
    cpu: [arm64]
    os: [darwin]

  '@esbuild/darwin-x64@0.24.2':
    resolution: {integrity: sha512-WeSrmwwHaPkNR5H3yYfowhZcbriGqooyu3zI/3GGpF8AyUdsrrP0X6KumITGA9WOyiJavnGZUwPGvxvwfWPHIA==}
    engines: {node: '>=18'}
    cpu: [x64]
    os: [darwin]

  '@esbuild/freebsd-arm64@0.24.2':
    resolution: {integrity: sha512-UN8HXjtJ0k/Mj6a9+5u6+2eZ2ERD7Edt1Q9IZiB5UZAIdPnVKDoG7mdTVGhHJIeEml60JteamR3qhsr1r8gXvg==}
    engines: {node: '>=18'}
    cpu: [arm64]
    os: [freebsd]

  '@esbuild/freebsd-x64@0.24.2':
    resolution: {integrity: sha512-TvW7wE/89PYW+IevEJXZ5sF6gJRDY/14hyIGFXdIucxCsbRmLUcjseQu1SyTko+2idmCw94TgyaEZi9HUSOe3Q==}
    engines: {node: '>=18'}
    cpu: [x64]
    os: [freebsd]

  '@esbuild/linux-arm64@0.24.2':
    resolution: {integrity: sha512-7HnAD6074BW43YvvUmE/35Id9/NB7BeX5EoNkK9obndmZBUk8xmJJeU7DwmUeN7tkysslb2eSl6CTrYz6oEMQg==}
    engines: {node: '>=18'}
    cpu: [arm64]
    os: [linux]

  '@esbuild/linux-arm@0.24.2':
    resolution: {integrity: sha512-n0WRM/gWIdU29J57hJyUdIsk0WarGd6To0s+Y+LwvlC55wt+GT/OgkwoXCXvIue1i1sSNWblHEig00GBWiJgfA==}
    engines: {node: '>=18'}
    cpu: [arm]
    os: [linux]

  '@esbuild/linux-ia32@0.24.2':
    resolution: {integrity: sha512-sfv0tGPQhcZOgTKO3oBE9xpHuUqguHvSo4jl+wjnKwFpapx+vUDcawbwPNuBIAYdRAvIDBfZVvXprIj3HA+Ugw==}
    engines: {node: '>=18'}
    cpu: [ia32]
    os: [linux]

  '@esbuild/linux-loong64@0.24.2':
    resolution: {integrity: sha512-CN9AZr8kEndGooS35ntToZLTQLHEjtVB5n7dl8ZcTZMonJ7CCfStrYhrzF97eAecqVbVJ7APOEe18RPI4KLhwQ==}
    engines: {node: '>=18'}
    cpu: [loong64]
    os: [linux]

  '@esbuild/linux-mips64el@0.24.2':
    resolution: {integrity: sha512-iMkk7qr/wl3exJATwkISxI7kTcmHKE+BlymIAbHO8xanq/TjHaaVThFF6ipWzPHryoFsesNQJPE/3wFJw4+huw==}
    engines: {node: '>=18'}
    cpu: [mips64el]
    os: [linux]

  '@esbuild/linux-ppc64@0.24.2':
    resolution: {integrity: sha512-shsVrgCZ57Vr2L8mm39kO5PPIb+843FStGt7sGGoqiiWYconSxwTiuswC1VJZLCjNiMLAMh34jg4VSEQb+iEbw==}
    engines: {node: '>=18'}
    cpu: [ppc64]
    os: [linux]

  '@esbuild/linux-riscv64@0.24.2':
    resolution: {integrity: sha512-4eSFWnU9Hhd68fW16GD0TINewo1L6dRrB+oLNNbYyMUAeOD2yCK5KXGK1GH4qD/kT+bTEXjsyTCiJGHPZ3eM9Q==}
    engines: {node: '>=18'}
    cpu: [riscv64]
    os: [linux]

  '@esbuild/linux-s390x@0.24.2':
    resolution: {integrity: sha512-S0Bh0A53b0YHL2XEXC20bHLuGMOhFDO6GN4b3YjRLK//Ep3ql3erpNcPlEFed93hsQAjAQDNsvcK+hV90FubSw==}
    engines: {node: '>=18'}
    cpu: [s390x]
    os: [linux]

  '@esbuild/linux-x64@0.24.2':
    resolution: {integrity: sha512-8Qi4nQcCTbLnK9WoMjdC9NiTG6/E38RNICU6sUNqK0QFxCYgoARqVqxdFmWkdonVsvGqWhmm7MO0jyTqLqwj0Q==}
    engines: {node: '>=18'}
    cpu: [x64]
    os: [linux]

  '@esbuild/netbsd-arm64@0.24.2':
    resolution: {integrity: sha512-wuLK/VztRRpMt9zyHSazyCVdCXlpHkKm34WUyinD2lzK07FAHTq0KQvZZlXikNWkDGoT6x3TD51jKQ7gMVpopw==}
    engines: {node: '>=18'}
    cpu: [arm64]
    os: [netbsd]

  '@esbuild/netbsd-x64@0.24.2':
    resolution: {integrity: sha512-VefFaQUc4FMmJuAxmIHgUmfNiLXY438XrL4GDNV1Y1H/RW3qow68xTwjZKfj/+Plp9NANmzbH5R40Meudu8mmw==}
    engines: {node: '>=18'}
    cpu: [x64]
    os: [netbsd]

  '@esbuild/openbsd-arm64@0.24.2':
    resolution: {integrity: sha512-YQbi46SBct6iKnszhSvdluqDmxCJA+Pu280Av9WICNwQmMxV7nLRHZfjQzwbPs3jeWnuAhE9Jy0NrnJ12Oz+0A==}
    engines: {node: '>=18'}
    cpu: [arm64]
    os: [openbsd]

  '@esbuild/openbsd-x64@0.24.2':
    resolution: {integrity: sha512-+iDS6zpNM6EnJyWv0bMGLWSWeXGN/HTaF/LXHXHwejGsVi+ooqDfMCCTerNFxEkM3wYVcExkeGXNqshc9iMaOA==}
    engines: {node: '>=18'}
    cpu: [x64]
    os: [openbsd]

  '@esbuild/sunos-x64@0.24.2':
    resolution: {integrity: sha512-hTdsW27jcktEvpwNHJU4ZwWFGkz2zRJUz8pvddmXPtXDzVKTTINmlmga3ZzwcuMpUvLw7JkLy9QLKyGpD2Yxig==}
    engines: {node: '>=18'}
    cpu: [x64]
    os: [sunos]

  '@esbuild/win32-arm64@0.24.2':
    resolution: {integrity: sha512-LihEQ2BBKVFLOC9ZItT9iFprsE9tqjDjnbulhHoFxYQtQfai7qfluVODIYxt1PgdoyQkz23+01rzwNwYfutxUQ==}
    engines: {node: '>=18'}
    cpu: [arm64]
    os: [win32]

  '@esbuild/win32-ia32@0.24.2':
    resolution: {integrity: sha512-q+iGUwfs8tncmFC9pcnD5IvRHAzmbwQ3GPS5/ceCyHdjXubwQWI12MKWSNSMYLJMq23/IUCvJMS76PDqXe1fxA==}
    engines: {node: '>=18'}
    cpu: [ia32]
    os: [win32]

  '@esbuild/win32-x64@0.24.2':
    resolution: {integrity: sha512-7VTgWzgMGvup6aSqDPLiW5zHaxYJGTO4OokMjIlrCtf+VpEL+cXKtCvg723iguPYI5oaUNdS+/V7OU2gvXVWEg==}
    engines: {node: '>=18'}
    cpu: [x64]
    os: [win32]

  '@lancedb/lancedb-darwin-arm64@0.18.2':
    resolution: {integrity: sha512-I56GuGSzh1pP9iV74aYFZK8nocORoXH44Z6xu4EVtU/R0fwjAeL99qy74dm4WtPmhC9aDzqdLq77H0pjYx6zlw==}
    engines: {node: '>= 18'}
    cpu: [arm64]
    os: [darwin]

  '@lancedb/lancedb-darwin-x64@0.18.2':
    resolution: {integrity: sha512-oCfP9uCJWo81FzoZv48YZYMPeePZwVxtyal64ALFYPRkFY47b6orgV7vtcD/7lV0KE0itucIlx6ndBOr4L/dlQ==}
    engines: {node: '>= 18'}
    cpu: [x64]
    os: [darwin]

  '@lancedb/lancedb-linux-arm64-gnu@0.18.2':
    resolution: {integrity: sha512-beuB7J03wrD+FcchOXqm6mG6gmqyFZKqT1wfAcY4+1RATq8K0GU6E+8G93jOF6gCm7m2H/B4dVBeJpFwx7dmDw==}
    engines: {node: '>= 18'}
    cpu: [arm64]
    os: [linux]
    libc: [glibc]

  '@lancedb/lancedb-linux-arm64-musl@0.18.2':
    resolution: {integrity: sha512-pPcnk4wLxeOtJuUKY0sYJPlsblKzQ1SRX/TDgPmIE83Gg0NbqioYJjvumS7y95TI2/6FUqwKR7+PBt2rj4ckHA==}
    engines: {node: '>= 18'}
    cpu: [arm64]
    os: [linux]
    libc: [musl]

  '@lancedb/lancedb-linux-x64-gnu@0.18.2':
    resolution: {integrity: sha512-o81WOaF56dGdc+Rs9wQ3IPmDLjBq95bfA7KZCrTY8iYZIgVUSMHfRqGtPH04JKu/NM/E1C4PbDCN+TlAOywmQQ==}
    engines: {node: '>= 18'}
    cpu: [x64]
    os: [linux]
    libc: [glibc]

  '@lancedb/lancedb-win32-arm64-msvc@0.18.2':
    resolution: {integrity: sha512-a3K3ALkd13LSs8Ji8GlHB4opxgDCsDo0KuJJ9rGZ2/cYDa09AmhC7s65KE385+fykmTLjhieKEy1XAYHWX366g==}
    engines: {node: '>= 18'}
    cpu: [arm64]
    os: [win32]

  '@lancedb/lancedb-win32-x64-msvc@0.18.2':
    resolution: {integrity: sha512-EVCzfP3aGgEZwe+3zCWrHtmnbEXAz+uPzQP/PUm8V3apuEpnvLBPp//L+OX+/Uvl4BeSOqLnAq7Q5al9p35bIQ==}
    engines: {node: '>= 18'}
    cpu: [x64]
    os: [win32]

  '@lancedb/lancedb@0.18.2':
    resolution: {integrity: sha512-mWrijjkUVmf7HseX2SnZVh5M1tYAnO+pB1f81AVMKiSMfR4OqpA/6lQ2hk6qeQqJ6NNc/8pIgjkvwfGyp1QOag==}
    engines: {node: '>= 18'}
    cpu: [x64, arm64]
    os: [darwin, linux, win32]
    peerDependencies:
      apache-arrow: '>=15.0.0 <=18.1.0'

  '@swc/helpers@0.5.21':
    resolution: {integrity: sha512-jI/VAmtdjB/RnI8GTnokyX7Ug8c+g+ffD6QRLa6XQewtnGyukKkKSk3wLTM3b5cjt1jNh9x0jfVlagdN2gDKQg==}

  '@types/command-line-args@5.2.3':
    resolution: {integrity: sha512-uv0aG6R0Y8WHZLTamZwtfsDLVRnOa+n+n5rEvFWL5Na5gZ8V2Teab/duDPFzIIIhs9qizDpcavCusCLJZu62Kw==}

  '@types/command-line-usage@5.0.4':
    resolution: {integrity: sha512-BwR5KP3Es/CSht0xqBcUXS3qCAUVXwpRKsV2+arxeb65atasuXG9LykC9Ab10Cw3s2raH92ZqOeILaQbsB2ACg==}

  '@types/node@20.19.39':
    resolution: {integrity: sha512-orrrD74MBUyK8jOAD/r0+lfa1I2MO6I+vAkmAWzMYbCcgrN4lCrmK52gRFQq/JRxfYPfonkr4b0jcY7Olqdqbw==}

  '@types/node@22.19.17':
    resolution: {integrity: sha512-wGdMcf+vPYM6jikpS/qhg6WiqSV/OhG+jeeHT/KlVqxYfD40iYJf9/AE1uQxVWFvU7MipKRkRv8NSHiCGgPr8Q==}

  ansi-styles@4.3.0:
    resolution: {integrity: sha512-zbB9rCJAT1rbjiVDb2hqKFHNYLxgtk8NURxZ3IZwD3F6NtxbXZQCnnSi1Lkx+IDohdPlFp222wVALIheZJQSEg==}
    engines: {node: '>=8'}

  apache-arrow@18.1.0:
    resolution: {integrity: sha512-v/ShMp57iBnBp4lDgV8Jx3d3Q5/Hac25FWmQ98eMahUiHPXcvwIMKJD0hBIgclm/FCG+LwPkAKtkRO1O/W0YGg==}
    hasBin: true

  array-back@3.1.0:
    resolution: {integrity: sha512-TkuxA4UCOvxuDK6NZYXCalszEzj+TLszyASooky+i742l9TqsOdYCMJJupxRic61hwquNtppB3hgcuq9SVSH1Q==}
    engines: {node: '>=6'}

  array-back@6.2.3:
    resolution: {integrity: sha512-SGDvmg6QTYiTxCBkYVmThcoa67uLl35pyzRHdpCGBOcqFy6BtwnphoFPk7LhJshD+Yk1Kt35WGWeZPTgwR4Fhw==}
    engines: {node: '>=12.17'}

  chalk-template@0.4.0:
    resolution: {integrity: sha512-/ghrgmhfY8RaSdeo43hNXxpoHAtxdbskUHjPpfqUWGttFgycUhYPGx3YZBCnUCvOa7Doivn1IZec3DEGFoMgLg==}
    engines: {node: '>=12'}

  chalk@4.1.2:
    resolution: {integrity: sha512-oKnbhFyRIXpUuez8iBMmyEa4nbj4IOQyuhc/wy9kY7/WVPcwIO9VA668Pu8RkO7+0G76SLROeyw9CpQ061i4mA==}
    engines: {node: '>=10'}

  color-convert@2.0.1:
    resolution: {integrity: sha512-RRECPsj7iu/xb5oKYcsFHSppFNnsj/52OVTRKb4zP5onXwVF3zVmmToNcOfGC+CRDpfK/U584fMg38ZHCaElKQ==}
    engines: {node: '>=7.0.0'}

  color-name@1.1.4:
    resolution: {integrity: sha512-dOy+3AuW3a2wNbZHIuMZpTcgjGuLU/uBL/ubcZF9OXbDo8ff4O8yVp5Bf0efS8uEoYo5q4Fx7dY9OgQGXgAsQA==}

  command-line-args@5.2.1:
    resolution: {integrity: sha512-H4UfQhZyakIjC74I9d34fGYDwk3XpSr17QhEd0Q3I9Xq1CETHo4Hcuo87WyWHpAF1aSLjLRf5lD9ZGX2qStUvg==}
    engines: {node: '>=4.0.0'}

  command-line-usage@7.0.4:
    resolution: {integrity: sha512-85UdvzTNx/+s5CkSgBm/0hzP80RFHAa7PsfeADE5ezZF3uHz3/Tqj9gIKGT9PTtpycc3Ua64T0oVulGfKxzfqg==}
    engines: {node: '>=12.20.0'}

  commander@12.1.0:
    resolution: {integrity: sha512-Vw8qHK3bZM9y/P10u3Vib8o/DdkvA2OtPtZvD871QKjy74Wj1WSKFILMPRPSdUSx5RFK1arlJzEtA4PkFgnbuA==}
    engines: {node: '>=18'}

  esbuild@0.24.2:
    resolution: {integrity: sha512-+9egpBW8I3CD5XPe0n6BfT5fxLzxrlDzqydF3aviG+9ni1lDC/OvMHcxqEFV0+LANZG5R1bFMWfUrjVsdwxJvA==}
    engines: {node: '>=18'}
    hasBin: true

  find-replace@3.0.0:
    resolution: {integrity: sha512-6Tb2myMioCAgv5kfvP5/PkZZ/ntTpVK39fHY7WkWBgvbeE+VHd/tZuZ4mrC+bxh4cfOZeYKVPaJIZtZXV7GNCQ==}
    engines: {node: '>=4.0.0'}

  flatbuffers@24.12.23:
    resolution: {integrity: sha512-dLVCAISd5mhls514keQzmEG6QHmUUsNuWsb4tFafIUwvvgDjXhtfAYSKOzt5SWOy+qByV5pbsDZ+Vb7HUOBEdA==}

  has-flag@4.0.0:
    resolution: {integrity: sha512-EykJT/Q1KjTWctppgIAgfSO0tKVuZUjhgMr17kqTumMl6Afv3EISleU7qZUzoXDFTAHTDC4NOoG/ZxU3EvlMPQ==}
    engines: {node: '>=8'}

  json-bignum@0.0.3:
    resolution: {integrity: sha512-2WHyXj3OfHSgNyuzDbSxI1w2jgw5gkWSWhS7Qg4bWXx1nLk3jnbwfUeS0PSba3IzpTUWdHxBieELUzXRjQB2zg==}
    engines: {node: '>=0.8'}

  lodash.camelcase@4.3.0:
    resolution: {integrity: sha512-TwuEnCnxbc3rAvhf/LbG7tJUDzhqXyFnv3dtzLOPgCG/hODL7WFnsbwktkD7yUV0RrreP/l1PALq/YSg6VvjlA==}

  node-addon-api@8.7.0:
    resolution: {integrity: sha512-9MdFxmkKaOYVTV+XVRG8ArDwwQ77XIgIPyKASB1k3JPq3M8fGQQQE3YpMOrKm6g//Ktx8ivZr8xo1Qmtqub+GA==}
    engines: {node: ^18 || ^20 || >= 21}

  node-gyp-build@4.8.4:
    resolution: {integrity: sha512-LA4ZjwlnUblHVgq0oBF3Jl/6h/Nvs5fzBLwdEF4nuxnFdsfajde4WfxtJr3CaiH+F6ewcIB/q4jQ4UzPyid+CQ==}
    hasBin: true

  reflect-metadata@0.2.2:
    resolution: {integrity: sha512-urBwgfrvVP/eAyXx4hluJivBKzuEbSQs9rKWCrCkbSxNv8mxPcUZKeuoF3Uy4mJl3Lwprp6yy5/39VWigZ4K6Q==}

  supports-color@7.2.0:
    resolution: {integrity: sha512-qpCAvRl9stuOHveKsn7HncJRvv501qIacKzQlO/+Lwxc9+0q2wLyv4Dfvt80/DPn2pqOBsJdDiogXGR9+OvwRw==}
    engines: {node: '>=8'}

  table-layout@4.1.1:
    resolution: {integrity: sha512-iK5/YhZxq5GO5z8wb0bY1317uDF3Zjpha0QFFLA8/trAoiLbQD0HUbMesEaxyzUgDxi2QlcbM8IvqOlEjgoXBA==}
    engines: {node: '>=12.17'}

  tree-sitter-c@0.23.6:
    resolution: {integrity: sha512-0dxXKznVyUA0s6PjNolJNs2yF87O5aL538A/eR6njA5oqX3C3vH4vnx3QdOKwuUdpKEcFdHuiDpRKLLCA/tjvQ==}
    peerDependencies:
      tree-sitter: ^0.22.1
    peerDependenciesMeta:
      tree-sitter:
        optional: true

  tree-sitter-cpp@0.23.4:
    resolution: {integrity: sha512-qR5qUDyhZ5jJ6V8/umiBxokRbe89bCGmcq/dk94wI4kN86qfdV8k0GHIUEKaqWgcu42wKal5E97LKpLeVW8sKw==}
    peerDependencies:
      tree-sitter: ^0.21.1
    peerDependenciesMeta:
      tree-sitter:
        optional: true

  tree-sitter-go@0.23.4:
    resolution: {integrity: sha512-iQaHEs4yMa/hMo/ZCGqLfG61F0miinULU1fFh+GZreCRtKylFLtvn798ocCZjO2r/ungNZgAY1s1hPFyAwkc7w==}
    peerDependencies:
      tree-sitter: ^0.21.1
    peerDependenciesMeta:
      tree-sitter:
        optional: true

  tree-sitter-java@0.23.5:
    resolution: {integrity: sha512-Yju7oQ0Xx7GcUT01mUglPP+bYfvqjNCGdxqigTnew9nLGoII42PNVP3bHrYeMxswiCRM0yubWmN5qk+zsg0zMA==}
    peerDependencies:
      tree-sitter: ^0.21.1
    peerDependenciesMeta:
      tree-sitter:
        optional: true

  tree-sitter-javascript@0.23.1:
    resolution: {integrity: sha512-/bnhbrTD9frUYHQTiYnPcxyHORIw157ERBa6dqzaKxvR/x3PC4Yzd+D1pZIMS6zNg2v3a8BZ0oK7jHqsQo9fWA==}
    peerDependencies:
      tree-sitter: ^0.21.1
    peerDependenciesMeta:
      tree-sitter:
        optional: true

  tree-sitter-python@0.23.6:
    resolution: {integrity: sha512-yIM9z0oxKIxT7bAtPOhgoVl6gTXlmlIhue7liFT4oBPF/lha7Ha4dQBS82Av6hMMRZoVnFJI8M6mL+SwWoLD3A==}
    peerDependencies:
      tree-sitter: ^0.22.1
    peerDependenciesMeta:
      tree-sitter:
        optional: true

  tree-sitter-rust@0.23.3:
    resolution: {integrity: sha512-uLdZJ1K26EuJTBMJlz1ltTlg7nJyAYThfouXgigf5ixKOasOL5wNrRCpuWTsl6rDcKlZK9UX+annFLqP/kchwQ==}
    peerDependencies:
      tree-sitter: ^0.22.1
    peerDependenciesMeta:
      tree-sitter:
        optional: true

  tree-sitter-typescript@0.23.2:
    resolution: {integrity: sha512-e04JUUKxTT53/x3Uq1zIL45DoYKVfHH4CZqwgZhPg5qYROl5nQjV+85ruFzFGZxu+QeFVbRTPDRnqL9UbU4VeA==}
    peerDependencies:
      tree-sitter: ^0.21.0
    peerDependenciesMeta:
      tree-sitter:
        optional: true

  tree-sitter@0.21.1:
    resolution: {integrity: sha512-7dxoA6kYvtgWw80265MyqJlkRl4yawIjO7S5MigytjELkX43fV2WsAXzsNfO7sBpPPCF5Gp0+XzHk0DwLCq3xQ==}

  tslib@2.8.1:
    resolution: {integrity: sha512-oJFu94HQb+KVduSUQL7wnpmqnfmLsOA/nAh6b6EH0wCEoK0/mPeXU6c3wKDV83MkOuHPRHtSXKKU99IBazS/2w==}

  typescript@5.9.3:
    resolution: {integrity: sha512-jl1vZzPDinLr9eUt3J/t7V6FgNEw9QjvBPdysz9KfQDD41fQrC2Y4vKQdiaUpFT4bXlb1RHhLpp8wtm6M5TgSw==}
    engines: {node: '>=14.17'}
    hasBin: true

  typical@4.0.0:
    resolution: {integrity: sha512-VAH4IvQ7BDFYglMd7BPRDfLgxZZX4O4TFcRDA6EN5X7erNJJq+McIEp8np9aVtxrCJ6qx4GTYVfOWNjcqwZgRw==}
    engines: {node: '>=8'}

  typical@7.3.0:
    resolution: {integrity: sha512-ya4mg/30vm+DOWfBg4YK3j2WD6TWtRkCbasOJr40CseYENzCUby/7rIvXA99JGsQHeNxLbnXdyLLxKSv3tauFw==}
    engines: {node: '>=12.17'}

  undici-types@6.21.0:
    resolution: {integrity: sha512-iwDZqg0QAGrg9Rav5H4n0M64c3mkR59cJ6wQp+7C4nI0gsmExaedaYLNO44eT4AtBBwjbTiGPMlt2Md0T9H9JQ==}

  wordwrapjs@5.1.1:
    resolution: {integrity: sha512-0yweIbkINJodk27gX9LBGMzyQdBDan3s/dEAiwBOj+Mf0PPyWL6/rikalkv8EeD0E8jm4o5RXEOrFTP3NXbhJg==}
    engines: {node: '>=12.17'}

snapshots:

  '@esbuild/aix-ppc64@0.24.2':
    optional: true

  '@esbuild/android-arm64@0.24.2':
    optional: true

  '@esbuild/android-arm@0.24.2':
    optional: true

  '@esbuild/android-x64@0.24.2':
    optional: true

  '@esbuild/darwin-arm64@0.24.2':
    optional: true

  '@esbuild/darwin-x64@0.24.2':
    optional: true

  '@esbuild/freebsd-arm64@0.24.2':
    optional: true

  '@esbuild/freebsd-x64@0.24.2':
    optional: true

  '@esbuild/linux-arm64@0.24.2':
    optional: true

  '@esbuild/linux-arm@0.24.2':
    optional: true

  '@esbuild/linux-ia32@0.24.2':
    optional: true

  '@esbuild/linux-loong64@0.24.2':
    optional: true

  '@esbuild/linux-mips64el@0.24.2':
    optional: true

  '@esbuild/linux-ppc64@0.24.2':
    optional: true

  '@esbuild/linux-riscv64@0.24.2':
    optional: true

  '@esbuild/linux-s390x@0.24.2':
    optional: true

  '@esbuild/linux-x64@0.24.2':
    optional: true

  '@esbuild/netbsd-arm64@0.24.2':
    optional: true

  '@esbuild/netbsd-x64@0.24.2':
    optional: true

  '@esbuild/openbsd-arm64@0.24.2':
    optional: true

  '@esbuild/openbsd-x64@0.24.2':
    optional: true

  '@esbuild/sunos-x64@0.24.2':
    optional: true

  '@esbuild/win32-arm64@0.24.2':
    optional: true

  '@esbuild/win32-ia32@0.24.2':
    optional: true

  '@esbuild/win32-x64@0.24.2':
    optional: true

  '@lancedb/lancedb-darwin-arm64@0.18.2':
    optional: true

  '@lancedb/lancedb-darwin-x64@0.18.2':
    optional: true

  '@lancedb/lancedb-linux-arm64-gnu@0.18.2':
    optional: true

  '@lancedb/lancedb-linux-arm64-musl@0.18.2':
    optional: true

  '@lancedb/lancedb-linux-x64-gnu@0.18.2':
    optional: true

  '@lancedb/lancedb-win32-arm64-msvc@0.18.2':
    optional: true

  '@lancedb/lancedb-win32-x64-msvc@0.18.2':
    optional: true

  '@lancedb/lancedb@0.18.2(apache-arrow@18.1.0)':
    dependencies:
      apache-arrow: 18.1.0
      reflect-metadata: 0.2.2
    optionalDependencies:
      '@lancedb/lancedb-darwin-arm64': 0.18.2
      '@lancedb/lancedb-darwin-x64': 0.18.2
      '@lancedb/lancedb-linux-arm64-gnu': 0.18.2
      '@lancedb/lancedb-linux-arm64-musl': 0.18.2
      '@lancedb/lancedb-linux-x64-gnu': 0.18.2
      '@lancedb/lancedb-win32-arm64-msvc': 0.18.2
      '@lancedb/lancedb-win32-x64-msvc': 0.18.2

  '@swc/helpers@0.5.21':
    dependencies:
      tslib: 2.8.1

  '@types/command-line-args@5.2.3': {}

  '@types/command-line-usage@5.0.4': {}

  '@types/node@20.19.39':
    dependencies:
      undici-types: 6.21.0

  '@types/node@22.19.17':
    dependencies:
      undici-types: 6.21.0

  ansi-styles@4.3.0:
    dependencies:
      color-convert: 2.0.1

  apache-arrow@18.1.0:
    dependencies:
      '@swc/helpers': 0.5.21
      '@types/command-line-args': 5.2.3
      '@types/command-line-usage': 5.0.4
      '@types/node': 20.19.39
      command-line-args: 5.2.1
      command-line-usage: 7.0.4
      flatbuffers: 24.12.23
      json-bignum: 0.0.3
      tslib: 2.8.1

  array-back@3.1.0: {}

  array-back@6.2.3: {}

  chalk-template@0.4.0:
    dependencies:
      chalk: 4.1.2

  chalk@4.1.2:
    dependencies:
      ansi-styles: 4.3.0
      supports-color: 7.2.0

  color-convert@2.0.1:
    dependencies:
      color-name: 1.1.4

  color-name@1.1.4: {}

  command-line-args@5.2.1:
    dependencies:
      array-back: 3.1.0
      find-replace: 3.0.0
      lodash.camelcase: 4.3.0
      typical: 4.0.0

  command-line-usage@7.0.4:
    dependencies:
      array-back: 6.2.3
      chalk-template: 0.4.0
      table-layout: 4.1.1
      typical: 7.3.0

  commander@12.1.0: {}

  esbuild@0.24.2:
    optionalDependencies:
      '@esbuild/aix-ppc64': 0.24.2
      '@esbuild/android-arm': 0.24.2
      '@esbuild/android-arm64': 0.24.2
      '@esbuild/android-x64': 0.24.2
      '@esbuild/darwin-arm64': 0.24.2
      '@esbuild/darwin-x64': 0.24.2
      '@esbuild/freebsd-arm64': 0.24.2
      '@esbuild/freebsd-x64': 0.24.2
      '@esbuild/linux-arm': 0.24.2
      '@esbuild/linux-arm64': 0.24.2
      '@esbuild/linux-ia32': 0.24.2
      '@esbuild/linux-loong64': 0.24.2
      '@esbuild/linux-mips64el': 0.24.2
      '@esbuild/linux-ppc64': 0.24.2
      '@esbuild/linux-riscv64': 0.24.2
      '@esbuild/linux-s390x': 0.24.2
      '@esbuild/linux-x64': 0.24.2
      '@esbuild/netbsd-arm64': 0.24.2
      '@esbuild/netbsd-x64': 0.24.2
      '@esbuild/openbsd-arm64': 0.24.2
      '@esbuild/openbsd-x64': 0.24.2
      '@esbuild/sunos-x64': 0.24.2
      '@esbuild/win32-arm64': 0.24.2
      '@esbuild/win32-ia32': 0.24.2
      '@esbuild/win32-x64': 0.24.2

  find-replace@3.0.0:
    dependencies:
      array-back: 3.1.0

  flatbuffers@24.12.23: {}

  has-flag@4.0.0: {}

  json-bignum@0.0.3: {}

  lodash.camelcase@4.3.0: {}

  node-addon-api@8.7.0: {}

  node-gyp-build@4.8.4: {}

  reflect-metadata@0.2.2: {}

  supports-color@7.2.0:
    dependencies:
      has-flag: 4.0.0

  table-layout@4.1.1:
    dependencies:
      array-back: 6.2.3
      wordwrapjs: 5.1.1

  tree-sitter-c@0.23.6(tree-sitter@0.21.1):
    dependencies:
      node-addon-api: 8.7.0
      node-gyp-build: 4.8.4
    optionalDependencies:
      tree-sitter: 0.21.1

  tree-sitter-cpp@0.23.4(tree-sitter@0.21.1):
    dependencies:
      node-addon-api: 8.7.0
      node-gyp-build: 4.8.4
      tree-sitter-c: 0.23.6(tree-sitter@0.21.1)
    optionalDependencies:
      tree-sitter: 0.21.1

  tree-sitter-go@0.23.4(tree-sitter@0.21.1):
    dependencies:
      node-addon-api: 8.7.0
      node-gyp-build: 4.8.4
    optionalDependencies:
      tree-sitter: 0.21.1

  tree-sitter-java@0.23.5(tree-sitter@0.21.1):
    dependencies:
      node-addon-api: 8.7.0
      node-gyp-build: 4.8.4
    optionalDependencies:
      tree-sitter: 0.21.1

  tree-sitter-javascript@0.23.1(tree-sitter@0.21.1):
    dependencies:
      node-addon-api: 8.7.0
      node-gyp-build: 4.8.4
    optionalDependencies:
      tree-sitter: 0.21.1

  tree-sitter-python@0.23.6(tree-sitter@0.21.1):
    dependencies:
      node-addon-api: 8.7.0
      node-gyp-build: 4.8.4
    optionalDependencies:
      tree-sitter: 0.21.1

  tree-sitter-rust@0.23.3(tree-sitter@0.21.1):
    dependencies:
      node-addon-api: 8.7.0
      node-gyp-build: 4.8.4
    optionalDependencies:
      tree-sitter: 0.21.1

  tree-sitter-typescript@0.23.2(tree-sitter@0.21.1):
    dependencies:
      node-addon-api: 8.7.0
      node-gyp-build: 4.8.4
      tree-sitter-javascript: 0.23.1(tree-sitter@0.21.1)
    optionalDependencies:
      tree-sitter: 0.21.1

  tree-sitter@0.21.1:
    dependencies:
      node-addon-api: 8.7.0
      node-gyp-build: 4.8.4

  tslib@2.8.1: {}

  typescript@5.9.3: {}

  typical@4.0.0: {}

  typical@7.3.0: {}

  undici-types@6.21.0: {}

  wordwrapjs@5.1.1: {}
